
Microsoft Visual Studio Solution File, Format Version 12.00
# Visual Studio Version 16
VisualStudioVersion = 16.0.30804.86
MinimumVisualStudioVersion = 10.0.40219.1
Project("{FAE04EC0-301F-11D3-BF4B-00C04F79EFBC}") = "TypeCast_Class", "TypeCast_Class\TypeCast_Class.csproj", "{0287C44D-D669-4195-8E97-415426C2D554}"
EndProject
Global
	GlobalSection(SolutionConfigurationPlatforms) = preSolution
		Debug|Any CPU = Debug|Any CPU
		Release|Any CPU = Release|Any CPU
	EndGlobalSection
	GlobalSection(ProjectConfigurationPlatforms) = postSolution
		{0287C44D-D669-4195-8E97-415426C2D554}.Debug|Any CPU.ActiveCfg = Debug|Any CPU
		{0287C44D-D669-4195-8E97-415426C2D554}.Debug|Any CPU.Build.0 = Debug|Any CPU
		{0287C44D-D669-4195-8E97-415426C2D554}.Release|Any CPU.ActiveCfg = Release|Any CPU
		{0287C44D-D669-4195-8E97-415426C2D554}.Release|Any CPU.Build.0 = Release|Any CPU
	EndGlobalSection
	GlobalSection(SolutionProperties) = preSolution
		HideSolutionNode = FALSE
	EndGlobalSection
	GlobalSection(ExtensibilityGlobals) = postSolution
		SolutionGuid = {460D7ECB-8A45-401A-98F4-38C7044F4C64}
	EndGlobalSection
EndGlobal
