
Microsoft Visual Studio Solution File, Format Version 12.00
# Visual Studio Version 16
VisualStudioVersion = 16.0.30804.86
MinimumVisualStudioVersion = 10.0.40219.1
Project("{FAE04EC0-301F-11D3-BF4B-00C04F79EFBC}") = "1_N_Chatting_Server", "1_N_Chatting_Server\1_N_Chatting_Server.csproj", "{F4F7661F-B640-4399-A317-7656C3152DF1}"
EndProject
Global
	GlobalSection(SolutionConfigurationPlatforms) = preSolution
		Debug|Any CPU = Debug|Any CPU
		Release|Any CPU = Release|Any CPU
	EndGlobalSection
	GlobalSection(ProjectConfigurationPlatforms) = postSolution
		{F4F7661F-B640-4399-A317-7656C3152DF1}.Debug|Any CPU.ActiveCfg = Debug|Any CPU
		{F4F7661F-B640-4399-A317-7656C3152DF1}.Debug|Any CPU.Build.0 = Debug|Any CPU
		{F4F7661F-B640-4399-A317-7656C3152DF1}.Release|Any CPU.ActiveCfg = Release|Any CPU
		{F4F7661F-B640-4399-A317-7656C3152DF1}.Release|Any CPU.Build.0 = Release|Any CPU
	EndGlobalSection
	GlobalSection(SolutionProperties) = preSolution
		HideSolutionNode = FALSE
	EndGlobalSection
	GlobalSection(ExtensibilityGlobals) = postSolution
		SolutionGuid = {A6FB4871-BCB4-40A6-9DFE-A11F77E74BB6}
	EndGlobalSection
EndGlobal
