
Microsoft Visual Studio Solution File, Format Version 12.00
# Visual Studio Version 16
VisualStudioVersion = 16.0.30804.86
MinimumVisualStudioVersion = 10.0.40219.1
Project("{FAE04EC0-301F-11D3-BF4B-00C04F79EFBC}") = "ChattingClient", "ChattingClient\ChattingClient.csproj", "{1CDB9AE6-7DFB-424D-95C3-728B082EE7CA}"
EndProject
Global
	GlobalSection(SolutionConfigurationPlatforms) = preSolution
		Debug|Any CPU = Debug|Any CPU
		Release|Any CPU = Release|Any CPU
	EndGlobalSection
	GlobalSection(ProjectConfigurationPlatforms) = postSolution
		{1CDB9AE6-7DFB-424D-95C3-728B082EE7CA}.Debug|Any CPU.ActiveCfg = Debug|Any CPU
		{1CDB9AE6-7DFB-424D-95C3-728B082EE7CA}.Debug|Any CPU.Build.0 = Debug|Any CPU
		{1CDB9AE6-7DFB-424D-95C3-728B082EE7CA}.Release|Any CPU.ActiveCfg = Release|Any CPU
		{1CDB9AE6-7DFB-424D-95C3-728B082EE7CA}.Release|Any CPU.Build.0 = Release|Any CPU
	EndGlobalSection
	GlobalSection(SolutionProperties) = preSolution
		HideSolutionNode = FALSE
	EndGlobalSection
	GlobalSection(ExtensibilityGlobals) = postSolution
		SolutionGuid = {CF8C7235-A223-4233-9C7B-D6D02E6BBF2C}
	EndGlobalSection
EndGlobal
