
Microsoft Visual Studio Solution File, Format Version 12.00
# Visual Studio Version 16
VisualStudioVersion = 16.0.30804.86
MinimumVisualStudioVersion = 10.0.40219.1
Project("{FAE04EC0-301F-11D3-BF4B-00C04F79EFBC}") = "is_HasValue", "is_HasValue\is_HasValue.csproj", "{3D6BF55C-F706-4E4B-9AA1-3F4F899511EE}"
EndProject
Global
	GlobalSection(SolutionConfigurationPlatforms) = preSolution
		Debug|Any CPU = Debug|Any CPU
		Release|Any CPU = Release|Any CPU
	EndGlobalSection
	GlobalSection(ProjectConfigurationPlatforms) = postSolution
		{3D6BF55C-F706-4E4B-9AA1-3F4F899511EE}.Debug|Any CPU.ActiveCfg = Debug|Any CPU
		{3D6BF55C-F706-4E4B-9AA1-3F4F899511EE}.Debug|Any CPU.Build.0 = Debug|Any CPU
		{3D6BF55C-F706-4E4B-9AA1-3F4F899511EE}.Release|Any CPU.ActiveCfg = Release|Any CPU
		{3D6BF55C-F706-4E4B-9AA1-3F4F899511EE}.Release|Any CPU.Build.0 = Release|Any CPU
	EndGlobalSection
	GlobalSection(SolutionProperties) = preSolution
		HideSolutionNode = FALSE
	EndGlobalSection
	GlobalSection(ExtensibilityGlobals) = postSolution
		SolutionGuid = {71FB2F52-8BA4-46C3-B822-A76349404C7B}
	EndGlobalSection
EndGlobal
